<?xml version="1.0" encoding="utf-8"?>
<Project ToolsVersion="4.0" xmlns="http://schemas.microsoft.com/developer/msbuild/2003">
  <ItemGroup>
    <Filter Include="Source Files">
      <UniqueIdentifier>{4FC737F1-C7A5-4376-A066-2A32D752A2FF}</UniqueIdentifier>
      <Extensions>cpp;c;cc;cxx;def;odl;idl;hpj;bat;asm;asmx</Extensions>
    </Filter>
    <Filter Include="Header Files">
      <UniqueIdentifier>{93995380-89BD-4b04-88EB-625FBE52EBFB}</UniqueIdentifier>
      <Extensions>h;hh;hpp;hxx;hm;inl;inc;xsd</Extensions>
    </Filter>
    <Filter Include="Resource Files">
      <UniqueIdentifier>{D9D6E242-F8AF-46E4-B9FD-80ECBC20BA3E}</UniqueIdentifier>
      <Extensions>qrc;*</Extensions>
      <ParseFiles>false</ParseFiles>
    </Filter>
    <Filter Include="Form Files">
      <UniqueIdentifier>{99349809-55BA-4b9d-BF79-8FDBB0286EB3}</UniqueIdentifier>
      <Extensions>ui</Extensions>
    </Filter>
    <Filter Include="Resource Files">
      <UniqueIdentifier>{D9D6E242-F8AF-46E4-B9FD-80ECBC20BA3E}</UniqueIdentifier>
      <Extensions>qrc;*</Extensions>
      <ParseFiles>false</ParseFiles>
    </Filter>
    <Filter Include="Generated Files">
      <UniqueIdentifier>{71ED8ED8-ACB9-4CE9-BBE1-E00B30144E11}</UniqueIdentifier>
      <Extensions>moc;h;cpp</Extensions>
      <SourceControlFiles>False</SourceControlFiles>
    </Filter>
    <Filter Include="Source Files\Network">
      <UniqueIdentifier>{aebaf65f-c57a-448f-868a-c41f7011e4b4}</UniqueIdentifier>
    </Filter>
    <Filter Include="Source Files\Other">
      <UniqueIdentifier>{f06daccf-bba2-487c-910e-5e753542112e}</UniqueIdentifier>
    </Filter>
    <Filter Include="Header Files\Network">
      <UniqueIdentifier>{4fafcca0-c531-43e8-a808-df5c6a1aad9f}</UniqueIdentifier>
    </Filter>
    <Filter Include="Header Files\Other">
      <UniqueIdentifier>{aa2ee70c-1603-4d47-ab8c-25ffbeccacf9}</UniqueIdentifier>
    </Filter>
    <Filter Include="Header Files\GUI">
      <UniqueIdentifier>{d1175b1c-5e05-4478-983a-e9c166a1b106}</UniqueIdentifier>
    </Filter>
    <Filter Include="Source Files\GUI">
      <UniqueIdentifier>{cf4e4cc5-6e25-4303-8ab6-a35e112f57ae}</UniqueIdentifier>
    </Filter>
  </ItemGroup>
  <ItemGroup>
    <ClCompile Include="main.cpp">
      <Filter>Source Files</Filter>
    </ClCompile>
    <ClCompile Include="TCPSendFileThread.cpp">
      <Filter>Source Files\Network</Filter>
    </ClCompile>
    <ClCompile Include="TCPReceiverThread.cpp">
      <Filter>Source Files\Network</Filter>
    </ClCompile>
    <ClCompile Include="TCPSendPhotoRunnable.cpp">
      <Filter>Source Files\Network</Filter>
    </ClCompile>
    <ClCompile Include="TCPServer.cpp">
      <Filter>Source Files\Network</Filter>
    </ClCompile>
    <ClCompile Include="UDPReceiverThread.cpp">
      <Filter>Source Files\Network</Filter>
    </ClCompile>
    <ClCompile Include="UDPSenderThread.cpp">
      <Filter>Source Files\Network</Filter>
    </ClCompile>
    <ClCompile Include="SettingsWindow.cpp">
      <Filter>Source Files\GUI</Filter>
    </ClCompile>
    <ClCompile Include="LocalFileSharer.cpp">
      <Filter>Source Files\GUI</Filter>
    </ClCompile>
    <ClCompile Include="ListUpdateSignalEmitter.cpp">
      <Filter>Source Files\Other</Filter>
    </ClCompile>
    <ClCompile Include="SingleInstance.cpp">
      <Filter>Source Files\Other</Filter>
    </ClCompile>
  </ItemGroup>
  <ItemGroup>
    <QtMoc Include="TCPReceiverThread.hpp">
      <Filter>Header Files\Network</Filter>
    </QtMoc>
    <QtMoc Include="TCPSendFileThread.hpp">
      <Filter>Header Files\Network</Filter>
    </QtMoc>
    <QtMoc Include="TCPSendPhotoRunnable.hpp">
      <Filter>Header Files\Network</Filter>
    </QtMoc>
    <QtMoc Include="TCPServer.hpp">
      <Filter>Header Files\Network</Filter>
    </QtMoc>
    <QtMoc Include="UDPReceiverThread.hpp">
      <Filter>Header Files\Network</Filter>
    </QtMoc>
    <QtMoc Include="UDPSenderThread.hpp">
      <Filter>Header Files\Network</Filter>
    </QtMoc>
    <QtMoc Include="SettingsWindow.hpp">
      <Filter>Header Files\GUI</Filter>
    </QtMoc>
    <QtMoc Include="LocalFileSharer.hpp">
      <Filter>Header Files\GUI</Filter>
    </QtMoc>
    <QtMoc Include="SingleInstance.hpp">
      <Filter>Header Files\Other</Filter>
    </QtMoc>
    <QtMoc Include="ListUpdateSignalEmitter.hpp">
      <Filter>Header Files\Other</Filter>
    </QtMoc>
  </ItemGroup>
  <ItemGroup>
    <QtRcc Include="LocalFileSharer.qrc">
      <Filter>Resource Files</Filter>
    </QtRcc>
  </ItemGroup>
  <ItemGroup>
    <ClInclude Include="UserData.hpp">
      <Filter>Header Files\Other</Filter>
    </ClInclude>
    <ClInclude Include="UserDataComparator.hpp">
      <Filter>Header Files\Other</Filter>
    </ClInclude>
    <ClInclude Include="CommonNetworkImports.hpp">
      <Filter>Header Files\Other</Filter>
    </ClInclude>
    <ClInclude Include="GeneratedFiles\ui_MainWindow.h">
      <Filter>Generated Files</Filter>
    </ClInclude>
    <ClInclude Include="GeneratedFiles\ui_Settings.h">
      <Filter>Generated Files</Filter>
    </ClInclude>
  </ItemGroup>
  <ItemGroup>
    <QtUic Include="Settings.ui">
      <Filter>Form Files</Filter>
    </QtUic>
    <QtUic Include="MainWindow.ui">
      <Filter>Form Files</Filter>
    </QtUic>
  </ItemGroup>
  <ItemGroup>
    <ResourceCompile Include="icon.rc">
      <Filter>Resource Files</Filter>
    </ResourceCompile>
  </ItemGroup>
</Project>